
Microsoft Visual Studio Solution File, Format Version 12.00
# Visual Studio Version 17
VisualStudioVersion = 17.3.32825.248
MinimumVisualStudioVersion = 10.0.40219.1
Project("{9A19103F-16F7-4668-BE54-9A1E7A4F7556}") = "ListToDo", "ListToDo.csproj", "{0DD781E0-1769-448F-8243-32B9307BC1F3}"
EndProject
Project("{FAE04EC0-301F-11D3-BF4B-00C04F79EFBC}") = "TodoList.Test", "..\TodoList.Test\TodoList.Test.csproj", "{510EF1F6-F23A-4A81-8FFA-CF25B79D5AB4}"
EndProject
Global
	GlobalSection(SolutionConfigurationPlatforms) = preSolution
		Debug|Any CPU = Debug|Any CPU
		Release|Any CPU = Release|Any CPU
	EndGlobalSection
	GlobalSection(ProjectConfigurationPlatforms) = postSolution
		{0DD781E0-1769-448F-8243-32B9307BC1F3}.Debug|Any CPU.ActiveCfg = Debug|Any CPU
		{0DD781E0-1769-448F-8243-32B9307BC1F3}.Debug|Any CPU.Build.0 = Debug|Any CPU
		{0DD781E0-1769-448F-8243-32B9307BC1F3}.Release|Any CPU.ActiveCfg = Release|Any CPU
		{0DD781E0-1769-448F-8243-32B9307BC1F3}.Release|Any CPU.Build.0 = Release|Any CPU
		{510EF1F6-F23A-4A81-8FFA-CF25B79D5AB4}.Debug|Any CPU.ActiveCfg = Debug|Any CPU
		{510EF1F6-F23A-4A81-8FFA-CF25B79D5AB4}.Debug|Any CPU.Build.0 = Debug|Any CPU
		{510EF1F6-F23A-4A81-8FFA-CF25B79D5AB4}.Release|Any CPU.ActiveCfg = Release|Any CPU
		{510EF1F6-F23A-4A81-8FFA-CF25B79D5AB4}.Release|Any CPU.Build.0 = Release|Any CPU
	EndGlobalSection
	GlobalSection(SolutionProperties) = preSolution
		HideSolutionNode = FALSE
	EndGlobalSection
	GlobalSection(ExtensibilityGlobals) = postSolution
		SolutionGuid = {318639BB-8230-46B0-BC4A-1D2A30D1FEF4}
	EndGlobalSection
EndGlobal
